
Microsoft Visual Studio Solution File, Format Version 12.00
Project("{FAE04EC0-301F-11D3-BF4B-00C04F79EFBC}") = "CYDM", "CYDM.csproj", "{369656B2-1451-4C04-8AE1-E669EED3151D}"
EndProject
Global
	GlobalSection(SolutionConfigurationPlatforms) = preSolution
		Debug|Any CPU = Debug|Any CPU
		Release|Any CPU = Release|Any CPU
	EndGlobalSection
	GlobalSection(ProjectConfigurationPlatforms) = postSolution
		{369656B2-1451-4C04-8AE1-E669EED3151D}.Debug|Any CPU.ActiveCfg = Debug|Any CPU
		{369656B2-1451-4C04-8AE1-E669EED3151D}.Debug|Any CPU.Build.0 = Debug|Any CPU
		{369656B2-1451-4C04-8AE1-E669EED3151D}.Release|Any CPU.ActiveCfg = Release|Any CPU
		{369656B2-1451-4C04-8AE1-E669EED3151D}.Release|Any CPU.Build.0 = Release|Any CPU
	EndGlobalSection
EndGlobal
